
Microsoft Visual Studio Solution File, Format Version 12.00
# Visual Studio 15
VisualStudioVersion = 15.0.27004.2005
MinimumVisualStudioVersion = 10.0.40219.1
Project("{2150E333-8FDC-42A3-9474-1A3956D46DE8}") = "Solution Items", "Solution Items", "{B04AB028-C15C-4029-80A1-2FFB36FE7CC2}"
	ProjectSection(SolutionItems) = preProject
		README.md = README.md
	EndProjectSection
EndProject
Project("{9A19103F-16F7-4668-BE54-9A1E7A4F7556}") = "Xunit.AspNetCore.Integration", "src\Xunit.AspNetCore.Integration\Xunit.AspNetCore.Integration.csproj", "{5AF9EA1D-81CC-4F06-ABA7-4373530BB880}"
EndProject
Project("{2150E333-8FDC-42A3-9474-1A3956D46DE8}") = "src", "src", "{4D3BF199-0339-48E8-976B-CBB892D718F8}"
EndProject
Project("{2150E333-8FDC-42A3-9474-1A3956D46DE8}") = "tests", "tests", "{3FE05526-3B42-43CE-8386-08AB55B82088}"
EndProject
Project("{9A19103F-16F7-4668-BE54-9A1E7A4F7556}") = "AwesomeAPI", "tests\AwesomeAPI\AwesomeAPI.csproj", "{6AECDAC7-87FD-433F-B2E1-AB639BE4CA82}"
EndProject
Project("{9A19103F-16F7-4668-BE54-9A1E7A4F7556}") = "AwesomeApiIntegrationTest", "tests\IntegrationTestExample\AwesomeApiIntegrationTest.csproj", "{457EC5B3-FCA1-4D86-B8CC-189D1BFB69E5}"
EndProject
Global
	GlobalSection(SolutionConfigurationPlatforms) = preSolution
		Debug|Any CPU = Debug|Any CPU
		Release|Any CPU = Release|Any CPU
	EndGlobalSection
	GlobalSection(ProjectConfigurationPlatforms) = postSolution
		{5AF9EA1D-81CC-4F06-ABA7-4373530BB880}.Debug|Any CPU.ActiveCfg = Debug|Any CPU
		{5AF9EA1D-81CC-4F06-ABA7-4373530BB880}.Debug|Any CPU.Build.0 = Debug|Any CPU
		{5AF9EA1D-81CC-4F06-ABA7-4373530BB880}.Release|Any CPU.ActiveCfg = Release|Any CPU
		{5AF9EA1D-81CC-4F06-ABA7-4373530BB880}.Release|Any CPU.Build.0 = Release|Any CPU
		{6AECDAC7-87FD-433F-B2E1-AB639BE4CA82}.Debug|Any CPU.ActiveCfg = Debug|Any CPU
		{6AECDAC7-87FD-433F-B2E1-AB639BE4CA82}.Debug|Any CPU.Build.0 = Debug|Any CPU
		{6AECDAC7-87FD-433F-B2E1-AB639BE4CA82}.Release|Any CPU.ActiveCfg = Release|Any CPU
		{6AECDAC7-87FD-433F-B2E1-AB639BE4CA82}.Release|Any CPU.Build.0 = Release|Any CPU
		{457EC5B3-FCA1-4D86-B8CC-189D1BFB69E5}.Debug|Any CPU.ActiveCfg = Debug|Any CPU
		{457EC5B3-FCA1-4D86-B8CC-189D1BFB69E5}.Debug|Any CPU.Build.0 = Debug|Any CPU
		{457EC5B3-FCA1-4D86-B8CC-189D1BFB69E5}.Release|Any CPU.ActiveCfg = Release|Any CPU
		{457EC5B3-FCA1-4D86-B8CC-189D1BFB69E5}.Release|Any CPU.Build.0 = Release|Any CPU
	EndGlobalSection
	GlobalSection(SolutionProperties) = preSolution
		HideSolutionNode = FALSE
	EndGlobalSection
	GlobalSection(NestedProjects) = preSolution
		{5AF9EA1D-81CC-4F06-ABA7-4373530BB880} = {4D3BF199-0339-48E8-976B-CBB892D718F8}
		{6AECDAC7-87FD-433F-B2E1-AB639BE4CA82} = {3FE05526-3B42-43CE-8386-08AB55B82088}
		{457EC5B3-FCA1-4D86-B8CC-189D1BFB69E5} = {3FE05526-3B42-43CE-8386-08AB55B82088}
	EndGlobalSection
	GlobalSection(ExtensibilityGlobals) = postSolution
		SolutionGuid = {F93748BA-4333-4ADC-9268-767819CC88C7}
	EndGlobalSection
EndGlobal
